
Microsoft Visual Studio Solution File, Format Version 12.00
# Visual Studio Version 16
VisualStudioVersion = 16.0.29827.131
MinimumVisualStudioVersion = 10.0.40219.1
Project("{FAE04EC0-301F-11D3-BF4B-00C04F79EFBC}") = "WingtipToys", "WingtipToys\WingtipToys.csproj", "{3F8458A7-02DD-4B8C-B4E0-F6132D51ADDD}"
EndProject
Project("{9A19103F-16F7-4668-BE54-9A1E7A4F7556}") = "WingtipToys.Logic.Tests", "WingtipToys.Logic.Tests\WingtipToys.Logic.Tests.csproj", "{5F4002A7-2004-40D5-BF5E-CBBF78F91F52}"
EndProject
Project("{FAE04EC0-301F-11D3-BF4B-00C04F79EFBC}") = "WingtipToys.Domain", "WingtipToys.Domain\WingtipToys.Domain.csproj", "{3CA76806-28E7-466B-9834-26D620AA8FF3}"
EndProject
Project("{FAE04EC0-301F-11D3-BF4B-00C04F79EFBC}") = "WingtipToys.Data", "WingtipToys.Data\WingtipToys.Data.csproj", "{C7723529-5FEE-468F-A822-E7E1CA86C08A}"
EndProject
Global
	GlobalSection(SolutionConfigurationPlatforms) = preSolution
		Debug|Any CPU = Debug|Any CPU
		Release|Any CPU = Release|Any CPU
	EndGlobalSection
	GlobalSection(ProjectConfigurationPlatforms) = postSolution
		{3F8458A7-02DD-4B8C-B4E0-F6132D51ADDD}.Debug|Any CPU.ActiveCfg = Debug|Any CPU
		{3F8458A7-02DD-4B8C-B4E0-F6132D51ADDD}.Debug|Any CPU.Build.0 = Debug|Any CPU
		{3F8458A7-02DD-4B8C-B4E0-F6132D51ADDD}.Release|Any CPU.ActiveCfg = Release|Any CPU
		{3F8458A7-02DD-4B8C-B4E0-F6132D51ADDD}.Release|Any CPU.Build.0 = Release|Any CPU
		{5F4002A7-2004-40D5-BF5E-CBBF78F91F52}.Debug|Any CPU.ActiveCfg = Debug|Any CPU
		{5F4002A7-2004-40D5-BF5E-CBBF78F91F52}.Debug|Any CPU.Build.0 = Debug|Any CPU
		{5F4002A7-2004-40D5-BF5E-CBBF78F91F52}.Release|Any CPU.ActiveCfg = Release|Any CPU
		{5F4002A7-2004-40D5-BF5E-CBBF78F91F52}.Release|Any CPU.Build.0 = Release|Any CPU
		{3CA76806-28E7-466B-9834-26D620AA8FF3}.Debug|Any CPU.ActiveCfg = Debug|Any CPU
		{3CA76806-28E7-466B-9834-26D620AA8FF3}.Debug|Any CPU.Build.0 = Debug|Any CPU
		{3CA76806-28E7-466B-9834-26D620AA8FF3}.Release|Any CPU.ActiveCfg = Release|Any CPU
		{3CA76806-28E7-466B-9834-26D620AA8FF3}.Release|Any CPU.Build.0 = Release|Any CPU
		{C7723529-5FEE-468F-A822-E7E1CA86C08A}.Debug|Any CPU.ActiveCfg = Debug|Any CPU
		{C7723529-5FEE-468F-A822-E7E1CA86C08A}.Debug|Any CPU.Build.0 = Debug|Any CPU
		{C7723529-5FEE-468F-A822-E7E1CA86C08A}.Release|Any CPU.ActiveCfg = Release|Any CPU
		{C7723529-5FEE-468F-A822-E7E1CA86C08A}.Release|Any CPU.Build.0 = Release|Any CPU
	EndGlobalSection
	GlobalSection(SolutionProperties) = preSolution
		HideSolutionNode = FALSE
	EndGlobalSection
	GlobalSection(ExtensibilityGlobals) = postSolution
		SolutionGuid = {48AA0879-A04A-4DB3-902D-AFD2B11F4A20}
	EndGlobalSection
EndGlobal
